{
    "name": "twentyfourlightswitches",
    "version": "1.0.0",
    "lockfileVersion": 2,
    "requires": true,
    "packages": {
        "": {
            "name": "twentyfourlightswitches",
            "version": "1.0.0",
            "license": "UNLICENSED",
            "devDependencies": {
                "@types/node": "^12.12.17"
            }
        },
        "node_modules/@types/node": {
            "version": "12.20.37",
            "resolved": "https://registry.npmjs.org/@types/node/-/node-12.20.37.tgz",
            "integrity": "sha512-i1KGxqcvJaLQali+WuypQnXwcplhtNtjs66eNsZpp2P2FL/trJJxx/VWsM0YCL2iMoIJrbXje48lvIQAQ4p2ZA==",
            "dev": true
        }
    },
    "dependencies": {
        "@types/node": {
            "version": "12.20.37",
            "resolved": "https://registry.npmjs.org/@types/node/-/node-12.20.37.tgz",
            "integrity": "sha512-i1KGxqcvJaLQali+WuypQnXwcplhtNtjs66eNsZpp2P2FL/trJJxx/VWsM0YCL2iMoIJrbXje48lvIQAQ4p2ZA==",
            "dev": true
        }
    }
}
